{
  "name": "turkuaz-ts-core",
  "version": "1.1.22",
  "lockfileVersion": 1,
  "requires": true,
  "dependencies": {
    "@types/lodash": {
      "version": "4.14.149",
      "resolved": "https://dtalm.pkgs.visualstudio.com/_packaging/TurkuazGO.Framework/npm/registry/@types/lodash/-/lodash-4.14.149.tgz",
      "integrity": "sha1-E0LWPZSMYGKDj7+WEBL3TU5jhEA=",
      "dev": true
    },
    "axios": {
      "version": "0.19.2",
      "resolved": "https://dtalm.pkgs.visualstudio.com/_packaging/TurkuazGO.Framework/npm/registry/axios/-/axios-0.19.2.tgz",
      "integrity": "sha1-PqNsXYgY0NX4qKl6bTa4bNwAyyc=",
      "requires": {
        "follow-redirects": "1.5.10"
      }
    },
    "balanced-match": {
      "version": "1.0.0",
      "resolved": "https://dtalm.pkgs.visualstudio.com/_packaging/TurkuazGO.Framework/npm/registry/balanced-match/-/balanced-match-1.0.0.tgz",
      "integrity": "sha1-ibTRmasr7kneFk6gK4nORi1xt2c="
    },
    "brace-expansion": {
      "version": "1.1.11",
      "resolved": "https://dtalm.pkgs.visualstudio.com/_packaging/TurkuazGO.Framework/npm/registry/brace-expansion/-/brace-expansion-1.1.11.tgz",
      "integrity": "sha1-PH/L9SnYcibz0vUrlm/1Jx60Qd0=",
      "requires": {
        "balanced-match": "^1.0.0",
        "concat-map": "0.0.1"
      }
    },
    "concat-map": {
      "version": "0.0.1",
      "resolved": "https://dtalm.pkgs.visualstudio.com/_packaging/TurkuazGO.Framework/npm/registry/concat-map/-/concat-map-0.0.1.tgz",
      "integrity": "sha1-2Klr13/Wjfd5OnMDajug1UBdR3s="
    },
    "debug": {
      "version": "3.1.0",
      "resolved": "https://dtalm.pkgs.visualstudio.com/_packaging/TurkuazGO.Framework/npm/registry/debug/-/debug-3.1.0.tgz",
      "integrity": "sha1-W7WgZyYotkFJVmuhaBnmFRjGcmE=",
      "requires": {
        "ms": "2.0.0"
      }
    },
    "follow-redirects": {
      "version": "1.5.10",
      "resolved": "https://dtalm.pkgs.visualstudio.com/_packaging/TurkuazGO.Framework/npm/registry/follow-redirects/-/follow-redirects-1.5.10.tgz",
      "integrity": "sha1-e3qfmuov3/NnhqlP9kPtB/T/Xio=",
      "requires": {
        "debug": "=3.1.0"
      }
    },
    "fs.realpath": {
      "version": "1.0.0",
      "resolved": "https://dtalm.pkgs.visualstudio.com/_packaging/TurkuazGO.Framework/npm/registry/fs.realpath/-/fs.realpath-1.0.0.tgz",
      "integrity": "sha1-FQStJSMVjKpA20onh8sBQRmU6k8="
    },
    "glob": {
      "version": "7.1.6",
      "resolved": "https://dtalm.pkgs.visualstudio.com/_packaging/TurkuazGO.Framework/npm/registry/glob/-/glob-7.1.6.tgz",
      "integrity": "sha1-FB8zuBp8JJLhJVlDB0gMRmeSeKY=",
      "requires": {
        "fs.realpath": "^1.0.0",
        "inflight": "^1.0.4",
        "inherits": "2",
        "minimatch": "^3.0.4",
        "once": "^1.3.0",
        "path-is-absolute": "^1.0.0"
      }
    },
    "inflight": {
      "version": "1.0.6",
      "resolved": "https://dtalm.pkgs.visualstudio.com/_packaging/TurkuazGO.Framework/npm/registry/inflight/-/inflight-1.0.6.tgz",
      "integrity": "sha1-Sb1jMdfQLQwJvJEKEHW6gWW1bfk=",
      "requires": {
        "once": "^1.3.0",
        "wrappy": "1"
      }
    },
    "inherits": {
      "version": "2.0.4",
      "resolved": "https://dtalm.pkgs.visualstudio.com/_packaging/TurkuazGO.Framework/npm/registry/inherits/-/inherits-2.0.4.tgz",
      "integrity": "sha1-D6LGT5MpF8NDOg3tVTY6rjdBa3w="
    },
    "lodash": {
      "version": "4.17.15",
      "resolved": "https://registry.npmjs.org/lodash/-/lodash-4.17.15.tgz",
      "integrity": "sha512-8xOcRHvCjnocdS5cpwXQXVzmmh5e5+saE2QGoeQmbKmRS6J3VQppPOIt0MnmE+4xlZoumy0GPG0D0MVIQbNA1A=="
    },
    "minimatch": {
      "version": "3.0.4",
      "resolved": "https://dtalm.pkgs.visualstudio.com/_packaging/TurkuazGO.Framework/npm/registry/minimatch/-/minimatch-3.0.4.tgz",
      "integrity": "sha1-UWbihkV/AzBgZL5Ul+jbsMPTIIM=",
      "requires": {
        "brace-expansion": "^1.1.7"
      }
    },
    "moment": {
      "version": "2.24.0",
      "resolved": "https://registry.npmjs.org/moment/-/moment-2.24.0.tgz",
      "integrity": "sha512-bV7f+6l2QigeBBZSM/6yTNq4P2fNpSWj/0e7jQcy87A8e7o2nAfP/34/2ky5Vw4B9S446EtIhodAzkFCcR4dQg=="
    },
    "ms": {
      "version": "2.0.0",
      "resolved": "https://dtalm.pkgs.visualstudio.com/_packaging/TurkuazGO.Framework/npm/registry/ms/-/ms-2.0.0.tgz",
      "integrity": "sha1-VgiurfwAvmwpAd9fmGF4jeDVl8g="
    },
    "once": {
      "version": "1.4.0",
      "resolved": "https://dtalm.pkgs.visualstudio.com/_packaging/TurkuazGO.Framework/npm/registry/once/-/once-1.4.0.tgz",
      "integrity": "sha1-WDsap3WWHUsROsF9nFC6753Xa9E=",
      "requires": {
        "wrappy": "1"
      }
    },
    "path-is-absolute": {
      "version": "1.0.1",
      "resolved": "https://dtalm.pkgs.visualstudio.com/_packaging/TurkuazGO.Framework/npm/registry/path-is-absolute/-/path-is-absolute-1.0.1.tgz",
      "integrity": "sha1-F0uSaHNVNP+8es5r9TpanhtcX18="
    },
    "rimraf": {
      "version": "3.0.2",
      "resolved": "https://dtalm.pkgs.visualstudio.com/_packaging/TurkuazGO.Framework/npm/registry/rimraf/-/rimraf-3.0.2.tgz",
      "integrity": "sha1-8aVAK6YiCtUswSgrrBrjqkn9Bho=",
      "requires": {
        "glob": "^7.1.3"
      }
    },
    "typescript": {
      "version": "3.7.3",
      "resolved": "https://dtalm.pkgs.visualstudio.com/_packaging/TurkuazGO.Framework/npm/registry/typescript/-/typescript-3.7.3.tgz",
      "integrity": "sha1-s2hAZooWRYpwJbnqv60Rtmq4XGk=",
      "dev": true
    },
    "vue": {
      "version": "2.6.11",
      "resolved": "https://dtalm.pkgs.visualstudio.com/_packaging/TurkuazGO.Framework/npm/registry/vue/-/vue-2.6.11.tgz",
      "integrity": "sha1-dllNh31LEiNEBuhONSdcbVFBJcU="
    },
    "vue-class-component": {
      "version": "7.1.0",
      "resolved": "https://dtalm.pkgs.visualstudio.com/_packaging/TurkuazGO.Framework/npm/registry/vue-class-component/-/vue-class-component-7.1.0.tgz",
      "integrity": "sha1-sz78sQ4XI21oT3Cx6W8ZRux5Poc="
    },
    "vue-i18n": {
      "version": "8.15.3",
      "resolved": "https://dtalm.pkgs.visualstudio.com/_packaging/TurkuazGO.Framework/npm/registry/vue-i18n/-/vue-i18n-8.15.3.tgz",
      "integrity": "sha1-n5R4Atm3NPy5LiznJNplTy+fwPQ="
    },
    "vue-property-decorator": {
      "version": "8.3.0",
      "resolved": "https://dtalm.pkgs.visualstudio.com/_packaging/TurkuazGO.Framework/npm/registry/vue-property-decorator/-/vue-property-decorator-8.3.0.tgz",
      "integrity": "sha1-U28CfcfWJvN8jYWi3ALwpsuXlEA=",
      "requires": {
        "vue-class-component": "^7.1.0"
      }
    },
    "wrappy": {
      "version": "1.0.2",
      "resolved": "https://dtalm.pkgs.visualstudio.com/_packaging/TurkuazGO.Framework/npm/registry/wrappy/-/wrappy-1.0.2.tgz",
      "integrity": "sha1-tSQ9jz7BqjXxNkYFvA0QNuMKtp8="
    },
    "yuya.ts.odata-client": {
      "version": "1.1.8",
      "resolved": "https://dtalm.pkgs.visualstudio.com/_packaging/TurkuazGO.Framework/npm/registry/yuya.ts.odata-client/-/yuya.ts.odata-client-1.1.8.tgz",
      "integrity": "sha1-ufrWiQ7SyxCNUzFVKS/ZrDDqgGI=",
      "requires": {
        "axios": "^0.19.0"
      }
    }
  }
}
